{
  "name": "@macchiato-dev/content-render-tiny",
  "version": "0.0.1-pre.0",
  "lockfileVersion": 3,
  "requires": true,
  "packages": {
    "": {
      "name": "@macchiato-dev/content-render-tiny",
      "version": "0.0.1-pre.0",
      "license": "MIT",
      "devDependencies": {
        "@macchiato-dev/content-parse-tiny": "file:../content-parse-tiny",
        "@macchiato-dev/dom-tiny": "file:../dom-tiny",
        "@macchiato-dev/layout-render-small": "file:../layout-render-small",
        "@macchiato-dev/render-html": "file:../render-html"
      }
    },
    "../content-parse-tiny": {
      "name": "@macchiato-dev/content-parse-tiny",
      "version": "0.0.1-pre.0",
      "dev": true,
      "license": "MIT"
    },
    "../dom-tiny": {
      "name": "@macchiato-dev/dom-tiny",
      "version": "0.0.1-pre.0",
      "dev": true,
      "license": "MIT"
    },
    "../layout-render-small": {
      "name": "@macchiato-dev/layout-render-small",
      "version": "0.0.1-pre.0",
      "dev": true,
      "license": "MIT"
    },
    "../render-html": {
      "name": "@macchiato-dev/render-html",
      "version": "0.0.1-pre.0",
      "dev": true,
      "license": "MIT",
      "devDependencies": {
        "@macchiato-dev/dom-tiny": "file:../dom-tiny"
      }
    },
    "node_modules/@macchiato-dev/content-parse-tiny": {
      "resolved": "../content-parse-tiny",
      "link": true
    },
    "node_modules/@macchiato-dev/dom-tiny": {
      "resolved": "../dom-tiny",
      "link": true
    },
    "node_modules/@macchiato-dev/layout-render-small": {
      "resolved": "../layout-render-small",
      "link": true
    },
    "node_modules/@macchiato-dev/render-html": {
      "resolved": "../render-html",
      "link": true
    }
  }
}
