{
  "name": "@macchiato-dev/example-simple-page",
  "version": "0.0.1-pre.0",
  "lockfileVersion": 3,
  "requires": true,
  "packages": {
    "": {
      "name": "@macchiato-dev/example-simple-page",
      "version": "0.0.1-pre.0",
      "license": "MIT",
      "dependencies": {
        "@macchiato-dev/build-static": "file:../../packages/build-static",
        "@macchiato-dev/parse-prose": "file:../../packages/parse-prose",
        "@macchiato-dev/render-layout": "file:../../packages/render-layout",
        "@macchiato-dev/render-prose": "file:../../packages/render-prose"
      }
    },
    "../../packages/build-static": {
      "name": "@macchiato-dev/build-static",
      "version": "0.0.1-pre.0",
      "license": "MIT"
    },
    "../../packages/parse-prose": {
      "name": "@macchiato-dev/parse-prose",
      "version": "0.0.1-pre.0",
      "license": "MIT"
    },
    "../../packages/render-layout": {
      "name": "@macchiato-dev/render-layout",
      "version": "0.0.1-pre.0",
      "license": "MIT"
    },
    "../../packages/render-prose": {
      "name": "@macchiato-dev/render-prose",
      "version": "0.0.1-pre.0",
      "license": "MIT",
      "devDependencies": {
        "@macchiato-dev/build-static": "file:../build-static",
        "@macchiato-dev/parse-prose": "file:../parse-prose",
        "@macchiato-dev/render-layout": "file:../render-layout"
      }
    },
    "node_modules/@macchiato-dev/build-static": {
      "resolved": "../../packages/build-static",
      "link": true
    },
    "node_modules/@macchiato-dev/parse-prose": {
      "resolved": "../../packages/parse-prose",
      "link": true
    },
    "node_modules/@macchiato-dev/render-layout": {
      "resolved": "../../packages/render-layout",
      "link": true
    },
    "node_modules/@macchiato-dev/render-prose": {
      "resolved": "../../packages/render-prose",
      "link": true
    }
  }
}
