{
  "name": "@macchiato-dev/render-prose",
  "version": "0.0.1-pre.0",
  "lockfileVersion": 3,
  "requires": true,
  "packages": {
    "": {
      "name": "@macchiato-dev/render-prose",
      "version": "0.0.1-pre.0",
      "license": "MIT",
      "devDependencies": {
        "@macchiato-dev/build-static": "file:../build-static",
        "@macchiato-dev/parse-prose": "file:../parse-prose",
        "@macchiato-dev/render-layout": "file:../render-layout"
      }
    },
    "../build-static": {
      "name": "@macchiato-dev/build-static",
      "version": "0.0.1-pre.0",
      "dev": true,
      "license": "MIT"
    },
    "../parse-prose": {
      "name": "@macchiato-dev/parse-prose",
      "version": "0.0.1-pre.0",
      "dev": true,
      "license": "MIT"
    },
    "../render-layout": {
      "name": "@macchiato-dev/render-layout",
      "version": "0.0.1-pre.0",
      "dev": true,
      "license": "MIT"
    },
    "node_modules/@macchiato-dev/build-static": {
      "resolved": "../build-static",
      "link": true
    },
    "node_modules/@macchiato-dev/parse-prose": {
      "resolved": "../parse-prose",
      "link": true
    },
    "node_modules/@macchiato-dev/render-layout": {
      "resolved": "../render-layout",
      "link": true
    }
  }
}
